
Microsoft Visual Studio Solution File, Format Version 12.00
# Visual Studio Version 16
VisualStudioVersion = 16.0.31205.134
MinimumVisualStudioVersion = 10.0.40219.1
Project("{FAE04EC0-301F-11D3-BF4B-00C04F79EFBC}") = "PubSubLib", "PubSubLib\PubSubLib.csproj", "{442E6EF0-9176-416B-B1F1-2D77B971720F}"
EndProject
Project("{FAE04EC0-301F-11D3-BF4B-00C04F79EFBC}") = "PubSubHost", "PubSubHost\PubSubHost.csproj", "{326165EE-F1D4-49B2-914A-25D1E6BDFF98}"
EndProject
Project("{FAE04EC0-301F-11D3-BF4B-00C04F79EFBC}") = "PubSubClient", "PubSubClient\PubSubClient.csproj", "{511EDD59-7AC2-454A-A67E-95E9C9F385BF}"
EndProject
Global
	GlobalSection(SolutionConfigurationPlatforms) = preSolution
		Debug|Any CPU = Debug|Any CPU
		Release|Any CPU = Release|Any CPU
	EndGlobalSection
	GlobalSection(ProjectConfigurationPlatforms) = postSolution
		{442E6EF0-9176-416B-B1F1-2D77B971720F}.Debug|Any CPU.ActiveCfg = Debug|Any CPU
		{442E6EF0-9176-416B-B1F1-2D77B971720F}.Debug|Any CPU.Build.0 = Debug|Any CPU
		{442E6EF0-9176-416B-B1F1-2D77B971720F}.Release|Any CPU.ActiveCfg = Release|Any CPU
		{442E6EF0-9176-416B-B1F1-2D77B971720F}.Release|Any CPU.Build.0 = Release|Any CPU
		{326165EE-F1D4-49B2-914A-25D1E6BDFF98}.Debug|Any CPU.ActiveCfg = Debug|Any CPU
		{326165EE-F1D4-49B2-914A-25D1E6BDFF98}.Debug|Any CPU.Build.0 = Debug|Any CPU
		{326165EE-F1D4-49B2-914A-25D1E6BDFF98}.Release|Any CPU.ActiveCfg = Release|Any CPU
		{326165EE-F1D4-49B2-914A-25D1E6BDFF98}.Release|Any CPU.Build.0 = Release|Any CPU
		{511EDD59-7AC2-454A-A67E-95E9C9F385BF}.Debug|Any CPU.ActiveCfg = Debug|Any CPU
		{511EDD59-7AC2-454A-A67E-95E9C9F385BF}.Debug|Any CPU.Build.0 = Debug|Any CPU
		{511EDD59-7AC2-454A-A67E-95E9C9F385BF}.Release|Any CPU.ActiveCfg = Release|Any CPU
		{511EDD59-7AC2-454A-A67E-95E9C9F385BF}.Release|Any CPU.Build.0 = Release|Any CPU
	EndGlobalSection
	GlobalSection(SolutionProperties) = preSolution
		HideSolutionNode = FALSE
	EndGlobalSection
	GlobalSection(ExtensibilityGlobals) = postSolution
		SolutionGuid = {363D9D96-BBCE-42E3-B38A-5D057B20AFC0}
	EndGlobalSection
EndGlobal
